
Microsoft Visual Studio Solution File, Format Version 12.00
# Visual Studio 15
VisualStudioVersion = 15.0.28307.705
MinimumVisualStudioVersion = 10.0.40219.1
Project("{FAE04EC0-301F-11D3-BF4B-00C04F79EFBC}") = "BankApp", "BankApp\BankApp.csproj", "{68ED1C63-3AD0-47D8-85D4-C947449D7D97}"
EndProject
Global
	GlobalSection(SolutionConfigurationPlatforms) = preSolution
		Debug|Any CPU = Debug|Any CPU
		Release|Any CPU = Release|Any CPU
	EndGlobalSection
	GlobalSection(ProjectConfigurationPlatforms) = postSolution
		{68ED1C63-3AD0-47D8-85D4-C947449D7D97}.Debug|Any CPU.ActiveCfg = Debug|Any CPU
		{68ED1C63-3AD0-47D8-85D4-C947449D7D97}.Debug|Any CPU.Build.0 = Debug|Any CPU
		{68ED1C63-3AD0-47D8-85D4-C947449D7D97}.Release|Any CPU.ActiveCfg = Release|Any CPU
		{68ED1C63-3AD0-47D8-85D4-C947449D7D97}.Release|Any CPU.Build.0 = Release|Any CPU
	EndGlobalSection
	GlobalSection(SolutionProperties) = preSolution
		HideSolutionNode = FALSE
	EndGlobalSection
	GlobalSection(ExtensibilityGlobals) = postSolution
		SolutionGuid = {86F199EB-41AC-4AAD-8A8D-00C84150C19E}
	EndGlobalSection
EndGlobal
